
Microsoft Visual Studio Solution File, Format Version 12.00
Project("{FAE04EC0-301F-11D3-BF4B-00C04F79EFBC}") = "ModeusSchedule.MSAuth.csproj", "src\ModeusSchedule.MSAuth.csproj", "{5A8B35A8-618F-4BDD-AD93-F8E1962E7F6A}"
EndProject
Global
	GlobalSection(SolutionConfigurationPlatforms) = preSolution
		Debug|Any CPU = Debug|Any CPU
		Release|Any CPU = Release|Any CPU
	EndGlobalSection
	GlobalSection(ProjectConfigurationPlatforms) = postSolution
		{5A8B35A8-618F-4BDD-AD93-F8E1962E7F6A}.Debug|Any CPU.ActiveCfg = Debug|Any CPU
		{5A8B35A8-618F-4BDD-AD93-F8E1962E7F6A}.Debug|Any CPU.Build.0 = Debug|Any CPU
		{5A8B35A8-618F-4BDD-AD93-F8E1962E7F6A}.Release|Any CPU.ActiveCfg = Release|Any CPU
		{5A8B35A8-618F-4BDD-AD93-F8E1962E7F6A}.Release|Any CPU.Build.0 = Release|Any CPU
	EndGlobalSection
EndGlobal
